
Microsoft Visual Studio Solution File, Format Version 12.00
# Visual Studio Express 2013 for Windows Desktop
VisualStudioVersion = 12.0.30723.0
MinimumVisualStudioVersion = 10.0.40219.1
Project("{FAE04EC0-301F-11D3-BF4B-00C04F79EFBC}") = "GameCataloger", "GameCataloger\GameCataloger.csproj", "{E1FA14EE-955F-450F-8FB7-B339C0047EBE}"
	ProjectSection(ProjectDependencies) = postProject
		{37619116-CCE8-465A-8B1F-081CA53364BB} = {37619116-CCE8-465A-8B1F-081CA53364BB}
	EndProjectSection
EndProject
Project("{FAE04EC0-301F-11D3-BF4B-00C04F79EFBC}") = "MarkdownSharp", "MarkdownSharp\MarkdownSharp\MarkdownSharp.csproj", "{37619116-CCE8-465A-8B1F-081CA53364BB}"
EndProject
Global
	GlobalSection(SolutionConfigurationPlatforms) = preSolution
		Debug|Any CPU = Debug|Any CPU
		Release|Any CPU = Release|Any CPU
	EndGlobalSection
	GlobalSection(ProjectConfigurationPlatforms) = postSolution
		{E1FA14EE-955F-450F-8FB7-B339C0047EBE}.Debug|Any CPU.ActiveCfg = Debug|Any CPU
		{E1FA14EE-955F-450F-8FB7-B339C0047EBE}.Debug|Any CPU.Build.0 = Debug|Any CPU
		{E1FA14EE-955F-450F-8FB7-B339C0047EBE}.Release|Any CPU.ActiveCfg = Release|Any CPU
		{E1FA14EE-955F-450F-8FB7-B339C0047EBE}.Release|Any CPU.Build.0 = Release|Any CPU
		{37619116-CCE8-465A-8B1F-081CA53364BB}.Debug|Any CPU.ActiveCfg = Debug|Any CPU
		{37619116-CCE8-465A-8B1F-081CA53364BB}.Debug|Any CPU.Build.0 = Debug|Any CPU
		{37619116-CCE8-465A-8B1F-081CA53364BB}.Release|Any CPU.ActiveCfg = Release|Any CPU
		{37619116-CCE8-465A-8B1F-081CA53364BB}.Release|Any CPU.Build.0 = Release|Any CPU
	EndGlobalSection
	GlobalSection(SolutionProperties) = preSolution
		HideSolutionNode = FALSE
	EndGlobalSection
EndGlobal
